# THIS IS AN AUTOGENERATED FILE. DO NOT EDIT THIS FILE DIRECTLY.
# yarn lockfile v1


fullpage.js@^3.0.8:
  version "3.0.8"
  resolved "https://registry.yarnpkg.com/fullpage.js/-/fullpage.js-3.0.8.tgz#4d89a87d36c30c0866c3dfec5e6cb363902f97b2"
  integrity sha512-r4B/MNuxylgzSlY+w4klD0lYYlmzEy7doDvurupAuO1ObKBgu9EB5GPuoeJTP7t/njFlzAM/Wu/I+FL3WvudCw==

vue-fullpage.js@^0.1.5:
  version "0.1.5"
  resolved "https://registry.yarnpkg.com/vue-fullpage.js/-/vue-fullpage.js-0.1.5.tgz#967c1602556d3f2f0c27468e73198f63c07056e9"
  integrity sha512-/8aFieeTxzwnq6Tb30fUwL5/TN1PBYK+qE4kb0mYi1JSDVWnYmnsMvCzGqLJv3SQCrt1GYccfs6dFA0rIVNejg==
  dependencies:
    fullpage.js "^3.0.8"
